# @generated by Move, please check-in and do not edit manually.

[move]
version = 3
manifest_digest = "71152016B34E49086E8CDDAA966236482DA4BCDC80D4B8536206275E2DB41CF5"
deps_digest = "F8BBB0CCB2491CA29A3DF03D6F92277A4F3574266507ACD77214D37ECA3F3082"
dependencies = [
  { id = "Sui", name = "Sui" },
]

[[move.package]]
id = "MoveStdlib"
source = { git = "https://gitee.com/MystenLabs/sui.git", rev = "framework/testnet", subdir = "crates/sui-framework/packages/move-stdlib" }

[[move.package]]
id = "Sui"
source = { git = "https://gitee.com/MystenLabs/sui.git", rev = "framework/testnet", subdir = "crates/sui-framework/packages/sui-framework" }

dependencies = [
  { id = "MoveStdlib", name = "MoveStdlib" },
]

[move.toolchain-version]
compiler-version = "1.39.1"
edition = "2024.beta"
flavor = "sui"

[env]

[env.testnet]
chain-id = "4c78adac"
original-published-id = "0x1d1e075f3d8e6ee7f1f3c5cb03654790ff4ee412abc46699d2ff2af3dee239d4"
latest-published-id = "0x1d1e075f3d8e6ee7f1f3c5cb03654790ff4ee412abc46699d2ff2af3dee239d4"
published-version = "1"
